// !$*UTF8*$!
{
	archiveVersion = 1;
	classes = {
	};
	objectVersion = 46;
	objects = {

/* Begin PBXBuildFile section */
		9E014B3C1D64C68B000ED26B /* PassGenerator.swift in Sources */ = {isa = PBXBuildFile; fileRef = 9E014B3B1D64C68B000ED26B /* PassGenerator.swift */; };
		9E01F2621D66450A000F1F3B /* AccessDenied.wav in Resources */ = {isa = PBXBuildFile; fileRef = 9E01F2601D66450A000F1F3B /* AccessDenied.wav */; };
		9E01F2631D66450A000F1F3B /* AccessGranted.wav in Resources */ = {isa = PBXBuildFile; fileRef = 9E01F2611D66450A000F1F3B /* AccessGranted.wav */; };
		9E04F3311D68F60000C2F241 /* AgeAndBirthday.swift in Sources */ = {isa = PBXBuildFile; fileRef = 9E04F3301D68F60000C2F241 /* AgeAndBirthday.swift */; };
		9E950B331D6357BE001A3C3E /* AppDelegate.swift in Sources */ = {isa = PBXBuildFile; fileRef = 9E950B321D6357BE001A3C3E /* AppDelegate.swift */; };
		9E950B351D6357BE001A3C3E /* ViewController.swift in Sources */ = {isa = PBXBuildFile; fileRef = 9E950B341D6357BE001A3C3E /* ViewController.swift */; };
		9E950B381D6357BE001A3C3E /* Main.storyboard in Resources */ = {isa = PBXBuildFile; fileRef = 9E950B361D6357BE001A3C3E /* Main.storyboard */; };
		9E950B3A1D6357BE001A3C3E /* Assets.xcassets in Resources */ = {isa = PBXBuildFile; fileRef = 9E950B391D6357BE001A3C3E /* Assets.xcassets */; };
		9E950B3D1D6357BE001A3C3E /* LaunchScreen.storyboard in Resources */ = {isa = PBXBuildFile; fileRef = 9E950B3B1D6357BE001A3C3E /* LaunchScreen.storyboard */; };
		9E950B7F1D6363C4001A3C3E /* GuestType.swift in Sources */ = {isa = PBXBuildFile; fileRef = 9E950B7E1D6363C4001A3C3E /* GuestType.swift */; };
		9E97DFF71D7C8858007D15E7 /* PassViewController.swift in Sources */ = {isa = PBXBuildFile; fileRef = 9E97DFF61D7C8858007D15E7 /* PassViewController.swift */; };
		9EF77CF41F6584D300726134 /* ArrayExtension.swift in Sources */ = {isa = PBXBuildFile; fileRef = 9EF77CF31F6584D300726134 /* ArrayExtension.swift */; };
		9EF77CF71F65851800726134 /* PersonalInformationError.swift in Sources */ = {isa = PBXBuildFile; fileRef = 9EF77CF61F65851800726134 /* PersonalInformationError.swift */; };
		9EF77CF91F65853200726134 /* EmployeeType.swift in Sources */ = {isa = PBXBuildFile; fileRef = 9EF77CF81F65853200726134 /* EmployeeType.swift */; };
		9EF77CFB1F65855E00726134 /* EntrantProtocols.swift in Sources */ = {isa = PBXBuildFile; fileRef = 9EF77CFA1F65855E00726134 /* EntrantProtocols.swift */; };
		9EF77CFD1F65858C00726134 /* AccessType.swift in Sources */ = {isa = PBXBuildFile; fileRef = 9EF77CFC1F65858C00726134 /* AccessType.swift */; };
		9EF77CFF1F6585E300726134 /* RideAccessType.swift in Sources */ = {isa = PBXBuildFile; fileRef = 9EF77CFE1F6585E300726134 /* RideAccessType.swift */; };
		9EF77D011F65860E00726134 /* DiscountAccessType.swift in Sources */ = {isa = PBXBuildFile; fileRef = 9EF77D001F65860E00726134 /* DiscountAccessType.swift */; };
		9EF77D031F65862700726134 /* Person.swift in Sources */ = {isa = PBXBuildFile; fileRef = 9EF77D021F65862700726134 /* Person.swift */; };
		9EF77D051F65865500726134 /* VendorType.swift in Sources */ = {isa = PBXBuildFile; fileRef = 9EF77D041F65865500726134 /* VendorType.swift */; };
		9EF77D071F65867200726134 /* ContractEmployeeType.swift in Sources */ = {isa = PBXBuildFile; fileRef = 9EF77D061F65867200726134 /* ContractEmployeeType.swift */; };
		9EF77D0C1F65887E00726134 /* SoundCoordinator.swift in Sources */ = {isa = PBXBuildFile; fileRef = 9EF77D0B1F65887E00726134 /* SoundCoordinator.swift */; };
		9EF77D0E1F658BD300726134 /* ViewControllerExtension.swift in Sources */ = {isa = PBXBuildFile; fileRef = 9EF77D0D1F658BD300726134 /* ViewControllerExtension.swift */; };
/* End PBXBuildFile section */

/* Begin PBXFileReference section */
		9E014B3B1D64C68B000ED26B /* PassGenerator.swift */ = {isa = PBXFileReference; fileEncoding = 4; lastKnownFileType = sourcecode.swift; path = PassGenerator.swift; sourceTree = "<group>"; };
		9E01F2601D66450A000F1F3B /* AccessDenied.wav */ = {isa = PBXFileReference; lastKnownFileType = audio.wav; path = AccessDenied.wav; sourceTree = "<group>"; };
		9E01F2611D66450A000F1F3B /* AccessGranted.wav */ = {isa = PBXFileReference; lastKnownFileType = audio.wav; path = AccessGranted.wav; sourceTree = "<group>"; };
		9E04F3301D68F60000C2F241 /* AgeAndBirthday.swift */ = {isa = PBXFileReference; fileEncoding = 4; lastKnownFileType = sourcecode.swift; path = AgeAndBirthday.swift; sourceTree = "<group>"; };
		9E950B2F1D6357BE001A3C3E /* AmusementParkPassGenerator.app */ = {isa = PBXFileReference; explicitFileType = wrapper.application; includeInIndex = 0; path = AmusementParkPassGenerator.app; sourceTree = BUILT_PRODUCTS_DIR; };
		9E950B321D6357BE001A3C3E /* AppDelegate.swift */ = {isa = PBXFileReference; lastKnownFileType = sourcecode.swift; path = AppDelegate.swift; sourceTree = "<group>"; };
		9E950B341D6357BE001A3C3E /* ViewController.swift */ = {isa = PBXFileReference; lastKnownFileType = sourcecode.swift; path = ViewController.swift; sourceTree = "<group>"; };
		9E950B371D6357BE001A3C3E /* Base */ = {isa = PBXFileReference; lastKnownFileType = file.storyboard; name = Base; path = Base.lproj/Main.storyboard; sourceTree = "<group>"; };
		9E950B391D6357BE001A3C3E /* Assets.xcassets */ = {isa = PBXFileReference; lastKnownFileType = folder.assetcatalog; path = Assets.xcassets; sourceTree = "<group>"; };
		9E950B3C1D6357BE001A3C3E /* Base */ = {isa = PBXFileReference; lastKnownFileType = file.storyboard; name = Base; path = Base.lproj/LaunchScreen.storyboard; sourceTree = "<group>"; };
		9E950B3E1D6357BE001A3C3E /* Info.plist */ = {isa = PBXFileReference; lastKnownFileType = text.plist.xml; path = Info.plist; sourceTree = "<group>"; };
		9E950B7E1D6363C4001A3C3E /* GuestType.swift */ = {isa = PBXFileReference; fileEncoding = 4; lastKnownFileType = sourcecode.swift; path = GuestType.swift; sourceTree = "<group>"; };
		9E97DFF61D7C8858007D15E7 /* PassViewController.swift */ = {isa = PBXFileReference; fileEncoding = 4; lastKnownFileType = sourcecode.swift; path = PassViewController.swift; sourceTree = "<group>"; };
		9EF77CF31F6584D300726134 /* ArrayExtension.swift */ = {isa = PBXFileReference; fileEncoding = 4; lastKnownFileType = sourcecode.swift; path = ArrayExtension.swift; sourceTree = "<group>"; };
		9EF77CF61F65851800726134 /* PersonalInformationError.swift */ = {isa = PBXFileReference; fileEncoding = 4; lastKnownFileType = sourcecode.swift; path = PersonalInformationError.swift; sourceTree = "<group>"; };
		9EF77CF81F65853200726134 /* EmployeeType.swift */ = {isa = PBXFileReference; fileEncoding = 4; lastKnownFileType = sourcecode.swift; path = EmployeeType.swift; sourceTree = "<group>"; };
		9EF77CFA1F65855E00726134 /* EntrantProtocols.swift */ = {isa = PBXFileReference; fileEncoding = 4; lastKnownFileType = sourcecode.swift; path = EntrantProtocols.swift; sourceTree = "<group>"; };
		9EF77CFC1F65858C00726134 /* AccessType.swift */ = {isa = PBXFileReference; fileEncoding = 4; lastKnownFileType = sourcecode.swift; path = AccessType.swift; sourceTree = "<group>"; };
		9EF77CFE1F6585E300726134 /* RideAccessType.swift */ = {isa = PBXFileReference; fileEncoding = 4; lastKnownFileType = sourcecode.swift; path = RideAccessType.swift; sourceTree = "<group>"; };
		9EF77D001F65860E00726134 /* DiscountAccessType.swift */ = {isa = PBXFileReference; fileEncoding = 4; lastKnownFileType = sourcecode.swift; path = DiscountAccessType.swift; sourceTree = "<group>"; };
		9EF77D021F65862700726134 /* Person.swift */ = {isa = PBXFileReference; fileEncoding = 4; lastKnownFileType = sourcecode.swift; path = Person.swift; sourceTree = "<group>"; };
		9EF77D041F65865500726134 /* VendorType.swift */ = {isa = PBXFileReference; fileEncoding = 4; lastKnownFileType = sourcecode.swift; path = VendorType.swift; sourceTree = "<group>"; };
		9EF77D061F65867200726134 /* ContractEmployeeType.swift */ = {isa = PBXFileReference; fileEncoding = 4; lastKnownFileType = sourcecode.swift; path = ContractEmployeeType.swift; sourceTree = "<group>"; };
		9EF77D0B1F65887E00726134 /* SoundCoordinator.swift */ = {isa = PBXFileReference; fileEncoding = 4; lastKnownFileType = sourcecode.swift; path = SoundCoordinator.swift; sourceTree = "<group>"; };
		9EF77D0D1F658BD300726134 /* ViewControllerExtension.swift */ = {isa = PBXFileReference; fileEncoding = 4; lastKnownFileType = sourcecode.swift; path = ViewControllerExtension.swift; sourceTree = "<group>"; };
/* End PBXFileReference section */

/* Begin PBXFrameworksBuildPhase section */
		9E950B2C1D6357BE001A3C3E /* Frameworks */ = {
			isa = PBXFrameworksBuildPhase;
			buildActionMask = 2147483647;
			files = (
			);
			runOnlyForDeploymentPostprocessing = 0;
		};
/* End PBXFrameworksBuildPhase section */

/* Begin PBXGroup section */
		9E950B261D6357BE001A3C3E = {
			isa = PBXGroup;
			children = (
				9E950B311D6357BE001A3C3E /* AmusementParkPassGenerator */,
				9E950B301D6357BE001A3C3E /* Products */,
			);
			sourceTree = "<group>";
		};
		9E950B301D6357BE001A3C3E /* Products */ = {
			isa = PBXGroup;
			children = (
				9E950B2F1D6357BE001A3C3E /* AmusementParkPassGenerator.app */,
			);
			name = Products;
			sourceTree = "<group>";
		};
		9E950B311D6357BE001A3C3E /* AmusementParkPassGenerator */ = {
			isa = PBXGroup;
			children = (
				9E950B321D6357BE001A3C3E /* AppDelegate.swift */,
				9E950B341D6357BE001A3C3E /* ViewController.swift */,
				9E97DFF61D7C8858007D15E7 /* PassViewController.swift */,
				9E014B3B1D64C68B000ED26B /* PassGenerator.swift */,
				9EF77CF51F6584FC00726134 /* Models */,
				9EF77D0A1F65882200726134 /* Helpers */,
				9EF77CF21F6584C400726134 /* Extensions */,
				9E950B361D6357BE001A3C3E /* Main.storyboard */,
				9E950B391D6357BE001A3C3E /* Assets.xcassets */,
				9E950B3B1D6357BE001A3C3E /* LaunchScreen.storyboard */,
				9E950B3E1D6357BE001A3C3E /* Info.plist */,
				9E01F2601D66450A000F1F3B /* AccessDenied.wav */,
				9E01F2611D66450A000F1F3B /* AccessGranted.wav */,
			);
			path = AmusementParkPassGenerator;
			sourceTree = "<group>";
		};
		9EF77CF21F6584C400726134 /* Extensions */ = {
			isa = PBXGroup;
			children = (
				9EF77CF31F6584D300726134 /* ArrayExtension.swift */,
				9EF77D0D1F658BD300726134 /* ViewControllerExtension.swift */,
			);
			name = Extensions;
			sourceTree = "<group>";
		};
		9EF77CF51F6584FC00726134 /* Models */ = {
			isa = PBXGroup;
			children = (
				9EF77CFA1F65855E00726134 /* EntrantProtocols.swift */,
				9EF77CFC1F65858C00726134 /* AccessType.swift */,
				9EF77D001F65860E00726134 /* DiscountAccessType.swift */,
				9EF77CFE1F6585E300726134 /* RideAccessType.swift */,
				9EF77D021F65862700726134 /* Person.swift */,
				9EF77CF61F65851800726134 /* PersonalInformationError.swift */,
				9EF77CF81F65853200726134 /* EmployeeType.swift */,
				9EF77D041F65865500726134 /* VendorType.swift */,
				9EF77D061F65867200726134 /* ContractEmployeeType.swift */,
				9E950B7E1D6363C4001A3C3E /* GuestType.swift */,
			);
			name = Models;
			sourceTree = "<group>";
		};
		9EF77D0A1F65882200726134 /* Helpers */ = {
			isa = PBXGroup;
			children = (
				9E04F3301D68F60000C2F241 /* AgeAndBirthday.swift */,
				9EF77D0B1F65887E00726134 /* SoundCoordinator.swift */,
			);
			name = Helpers;
			sourceTree = "<group>";
		};
/* End PBXGroup section */

/* Begin PBXNativeTarget section */
		9E950B2E1D6357BE001A3C3E /* AmusementParkPassGenerator */ = {
			isa = PBXNativeTarget;
			buildConfigurationList = 9E950B411D6357BE001A3C3E /* Build configuration list for PBXNativeTarget "AmusementParkPassGenerator" */;
			buildPhases = (
				9E950B2B1D6357BE001A3C3E /* Sources */,
				9E950B2C1D6357BE001A3C3E /* Frameworks */,
				9E950B2D1D6357BE001A3C3E /* Resources */,
			);
			buildRules = (
			);
			dependencies = (
			);
			name = AmusementParkPassGenerator;
			productName = AmusementParkPassGenerator;
			productReference = 9E950B2F1D6357BE001A3C3E /* AmusementParkPassGenerator.app */;
			productType = "com.apple.product-type.application";
		};
/* End PBXNativeTarget section */

/* Begin PBXProject section */
		9E950B271D6357BE001A3C3E /* Project object */ = {
			isa = PBXProject;
			attributes = {
				LastSwiftUpdateCheck = 0730;
				LastUpgradeCheck = 0900;
				ORGANIZATIONNAME = JoLingenfelter;
				TargetAttributes = {
					9E950B2E1D6357BE001A3C3E = {
						CreatedOnToolsVersion = 7.3.1;
						LastSwiftMigration = 0900;
					};
				};
			};
			buildConfigurationList = 9E950B2A1D6357BE001A3C3E /* Build configuration list for PBXProject "AmusementParkPassGenerator.xcodeproject" */;
			compatibilityVersion = "Xcode 3.2";
			developmentRegion = English;
			hasScannedForEncodings = 0;
			knownRegions = (
				en,
				Base,
			);
			mainGroup = 9E950B261D6357BE001A3C3E;
			productRefGroup = 9E950B301D6357BE001A3C3E /* Products */;
			projectDirPath = "";
			projectRoot = "";
			targets = (
				9E950B2E1D6357BE001A3C3E /* AmusementParkPassGenerator */,
			);
		};
/* End PBXProject section */

/* Begin PBXResourcesBuildPhase section */
		9E950B2D1D6357BE001A3C3E /* Resources */ = {
			isa = PBXResourcesBuildPhase;
			buildActionMask = 2147483647;
			files = (
				9E950B3D1D6357BE001A3C3E /* LaunchScreen.storyboard in Resources */,
				9E01F2631D66450A000F1F3B /* AccessGranted.wav in Resources */,
				9E950B3A1D6357BE001A3C3E /* Assets.xcassets in Resources */,
				9E950B381D6357BE001A3C3E /* Main.storyboard in Resources */,
				9E01F2621D66450A000F1F3B /* AccessDenied.wav in Resources */,
			);
			runOnlyForDeploymentPostprocessing = 0;
		};
/* End PBXResourcesBuildPhase section */

/* Begin PBXSourcesBuildPhase section */
		9E950B2B1D6357BE001A3C3E /* Sources */ = {
			isa = PBXSourcesBuildPhase;
			buildActionMask = 2147483647;
			files = (
				9E04F3311D68F60000C2F241 /* AgeAndBirthday.swift in Sources */,
				9E014B3C1D64C68B000ED26B /* PassGenerator.swift in Sources */,
				9EF77D0E1F658BD300726134 /* ViewControllerExtension.swift in Sources */,
				9E950B351D6357BE001A3C3E /* ViewController.swift in Sources */,
				9EF77CFF1F6585E300726134 /* RideAccessType.swift in Sources */,
				9E97DFF71D7C8858007D15E7 /* PassViewController.swift in Sources */,
				9EF77D071F65867200726134 /* ContractEmployeeType.swift in Sources */,
				9EF77CFD1F65858C00726134 /* AccessType.swift in Sources */,
				9EF77D031F65862700726134 /* Person.swift in Sources */,
				9EF77D051F65865500726134 /* VendorType.swift in Sources */,
				9EF77D011F65860E00726134 /* DiscountAccessType.swift in Sources */,
				9EF77CF91F65853200726134 /* EmployeeType.swift in Sources */,
				9EF77CF41F6584D300726134 /* ArrayExtension.swift in Sources */,
				9EF77CF71F65851800726134 /* PersonalInformationError.swift in Sources */,
				9E950B331D6357BE001A3C3E /* AppDelegate.swift in Sources */,
				9EF77D0C1F65887E00726134 /* SoundCoordinator.swift in Sources */,
				9EF77CFB1F65855E00726134 /* EntrantProtocols.swift in Sources */,
				9E950B7F1D6363C4001A3C3E /* GuestType.swift in Sources */,
			);
			runOnlyForDeploymentPostprocessing = 0;
		};
/* End PBXSourcesBuildPhase section */

/* Begin PBXVariantGroup section */
		9E950B361D6357BE001A3C3E /* Main.storyboard */ = {
			isa = PBXVariantGroup;
			children = (
				9E950B371D6357BE001A3C3E /* Base */,
			);
			name = Main.storyboard;
			sourceTree = "<group>";
		};
		9E950B3B1D6357BE001A3C3E /* LaunchScreen.storyboard */ = {
			isa = PBXVariantGroup;
			children = (
				9E950B3C1D6357BE001A3C3E /* Base */,
			);
			name = LaunchScreen.storyboard;
			sourceTree = "<group>";
		};
/* End PBXVariantGroup section */

/* Begin XCBuildConfiguration section */
		9E950B3F1D6357BE001A3C3E /* Debug */ = {
			isa = XCBuildConfiguration;
			buildSettings = {
				ALWAYS_SEARCH_USER_PATHS = NO;
				CLANG_ANALYZER_NONNULL = YES;
				CLANG_CXX_LANGUAGE_STANDARD = "gnu++0x";
				CLANG_CXX_LIBRARY = "libc++";
				CLANG_ENABLE_MODULES = YES;
				CLANG_ENABLE_OBJC_ARC = YES;
				CLANG_WARN_BLOCK_CAPTURE_AUTORELEASING = YES;
				CLANG_WARN_BOOL_CONVERSION = YES;
				CLANG_WARN_COMMA = YES;
				CLANG_WARN_CONSTANT_CONVERSION = YES;
				CLANG_WARN_DIRECT_OBJC_ISA_USAGE = YES_ERROR;
				CLANG_WARN_EMPTY_BODY = YES;
				CLANG_WARN_ENUM_CONVERSION = YES;
				CLANG_WARN_INFINITE_RECURSION = YES;
				CLANG_WARN_INT_CONVERSION = YES;
				CLANG_WARN_NON_LITERAL_NULL_CONVERSION = YES;
				CLANG_WARN_OBJC_LITERAL_CONVERSION = YES;
				CLANG_WARN_OBJC_ROOT_CLASS = YES_ERROR;
				CLANG_WARN_RANGE_LOOP_ANALYSIS = YES;
				CLANG_WARN_STRICT_PROTOTYPES = YES;
				CLANG_WARN_SUSPICIOUS_MOVE = YES;
				CLANG_WARN_UNREACHABLE_CODE = YES;
				CLANG_WARN__DUPLICATE_METHOD_MATCH = YES;
				"CODE_SIGN_IDENTITY[sdk=iphoneos*]" = "iPhone Developer";
				COPY_PHASE_STRIP = NO;
				DEBUG_INFORMATION_FORMAT = dwarf;
				ENABLE_STRICT_OBJC_MSGSEND = YES;
				ENABLE_TESTABILITY = YES;
				GCC_C_LANGUAGE_STANDARD = gnu99;
				GCC_DYNAMIC_NO_PIC = NO;
				GCC_NO_COMMON_BLOCKS = YES;
				GCC_OPTIMIZATION_LEVEL = 0;
				GCC_PREPROCESSOR_DEFINITIONS = (
					"DEBUG=1",
					"$(inherited)",
				);
				GCC_WARN_64_TO_32_BIT_CONVERSION = YES;
				GCC_WARN_ABOUT_RETURN_TYPE = YES_ERROR;
				GCC_WARN_UNDECLARED_SELECTOR = YES;
				GCC_WARN_UNINITIALIZED_AUTOS = YES_AGGRESSIVE;
				GCC_WARN_UNUSED_FUNCTION = YES;
				GCC_WARN_UNUSED_VARIABLE = YES;
				IPHONEOS_DEPLOYMENT_TARGET = 9.3;
				MTL_ENABLE_DEBUG_INFO = YES;
				ONLY_ACTIVE_ARCH = YES;
				SDKROOT = iphoneos;
				SWIFT_OPTIMIZATION_LEVEL = "-Onone";
			};
			name = Debug;
		};
		9E950B401D6357BE001A3C3E /* Release */ = {
			isa = XCBuildConfiguration;
			buildSettings = {
				ALWAYS_SEARCH_USER_PATHS = NO;
				CLANG_ANALYZER_NONNULL = YES;
				CLANG_CXX_LANGUAGE_STANDARD = "gnu++0x";
				CLANG_CXX_LIBRARY = "libc++";
				CLANG_ENABLE_MODULES = YES;
				CLANG_ENABLE_OBJC_ARC = YES;
				CLANG_WARN_BLOCK_CAPTURE_AUTORELEASING = YES;
				CLANG_WARN_BOOL_CONVERSION = YES;
				CLANG_WARN_COMMA = YES;
				CLANG_WARN_CONSTANT_CONVERSION = YES;
				CLANG_WARN_DIRECT_OBJC_ISA_USAGE = YES_ERROR;
				CLANG_WARN_EMPTY_BODY = YES;
				CLANG_WARN_ENUM_CONVERSION = YES;
				CLANG_WARN_INFINITE_RECURSION = YES;
				CLANG_WARN_INT_CONVERSION = YES;
				CLANG_WARN_NON_LITERAL_NULL_CONVERSION = YES;
				CLANG_WARN_OBJC_LITERAL_CONVERSION = YES;
				CLANG_WARN_OBJC_ROOT_CLASS = YES_ERROR;
				CLANG_WARN_RANGE_LOOP_ANALYSIS = YES;
				CLANG_WARN_STRICT_PROTOTYPES = YES;
				CLANG_WARN_SUSPICIOUS_MOVE = YES;
				CLANG_WARN_UNREACHABLE_CODE = YES;
				CLANG_WARN__DUPLICATE_METHOD_MATCH = YES;
				"CODE_SIGN_IDENTITY[sdk=iphoneos*]" = "iPhone Developer";
				COPY_PHASE_STRIP = NO;
				DEBUG_INFORMATION_FORMAT = "dwarf-with-dsym";
				ENABLE_NS_ASSERTIONS = NO;
				ENABLE_STRICT_OBJC_MSGSEND = YES;
				GCC_C_LANGUAGE_STANDARD = gnu99;
				GCC_NO_COMMON_BLOCKS = YES;
				GCC_WARN_64_TO_32_BIT_CONVERSION = YES;
				GCC_WARN_ABOUT_RETURN_TYPE = YES_ERROR;
				GCC_WARN_UNDECLARED_SELECTOR = YES;
				GCC_WARN_UNINITIALIZED_AUTOS = YES_AGGRESSIVE;
				GCC_WARN_UNUSED_FUNCTION = YES;
				GCC_WARN_UNUSED_VARIABLE = YES;
				IPHONEOS_DEPLOYMENT_TARGET = 9.3;
				MTL_ENABLE_DEBUG_INFO = NO;
				SDKROOT = iphoneos;
				SWIFT_OPTIMIZATION_LEVEL = "-Owholemodule";
				VALIDATE_PRODUCT = YES;
			};
			name = Release;
		};
		9E950B421D6357BE001A3C3E /* Debug */ = {
			isa = XCBuildConfiguration;
			buildSettings = {
				ASSETCATALOG_COMPILER_APPICON_NAME = AppIcon;
				INFOPLIST_FILE = AmusementParkPassGenerator/Info.plist;
				LD_RUNPATH_SEARCH_PATHS = "$(inherited) @executable_path/Frameworks";
				PRODUCT_BUNDLE_IDENTIFIER = com.jolingenfelter.AmusementParkPassGenerator;
				PRODUCT_NAME = "$(TARGET_NAME)";
				SWIFT_SWIFT3_OBJC_INFERENCE = Default;
				SWIFT_VERSION = 4.0;
				TARGETED_DEVICE_FAMILY = 2;
			};
			name = Debug;
		};
		9E950B431D6357BE001A3C3E /* Release */ = {
			isa = XCBuildConfiguration;
			buildSettings = {
				ASSETCATALOG_COMPILER_APPICON_NAME = AppIcon;
				INFOPLIST_FILE = AmusementParkPassGenerator/Info.plist;
				LD_RUNPATH_SEARCH_PATHS = "$(inherited) @executable_path/Frameworks";
				PRODUCT_BUNDLE_IDENTIFIER = com.jolingenfelter.AmusementParkPassGenerator;
				PRODUCT_NAME = "$(TARGET_NAME)";
				SWIFT_SWIFT3_OBJC_INFERENCE = Default;
				SWIFT_VERSION = 4.0;
				TARGETED_DEVICE_FAMILY = 2;
			};
			name = Release;
		};
/* End XCBuildConfiguration section */

/* Begin XCConfigurationList section */
		9E950B2A1D6357BE001A3C3E /* Build configuration list for PBXProject "AmusementParkPassGenerator.xcodeproject" */ = {
			isa = XCConfigurationList;
			buildConfigurations = (
				9E950B3F1D6357BE001A3C3E /* Debug */,
				9E950B401D6357BE001A3C3E /* Release */,
			);
			defaultConfigurationIsVisible = 0;
			defaultConfigurationName = Release;
		};
		9E950B411D6357BE001A3C3E /* Build configuration list for PBXNativeTarget "AmusementParkPassGenerator" */ = {
			isa = XCConfigurationList;
			buildConfigurations = (
				9E950B421D6357BE001A3C3E /* Debug */,
				9E950B431D6357BE001A3C3E /* Release */,
			);
			defaultConfigurationIsVisible = 0;
			defaultConfigurationName = Release;
		};
/* End XCConfigurationList section */
	};
	rootObject = 9E950B271D6357BE001A3C3E /* Project object */;
}
